# THIS IS AN AUTOGENERATED FILE. DO NOT EDIT THIS FILE DIRECTLY.
# yarn lockfile v1


postprocessing@^6.33.0:
  version "6.33.0"
  resolved "https://registry.yarnpkg.com/postprocessing/-/postprocessing-6.33.0.tgz#7331c871e350d4c60a3a342b4ed7fd5e688303e8"
  integrity sha512-W6KGnF8OVyPtB9f5o2z8abJOefDeT9aoOrI/HmMmJM6/gXTKRc66MrL+qNoGmeeA3moWWsTk0mc9M+shN3vXaA==

three@^0.155.0:
  version "0.155.0"
  resolved "https://registry.yarnpkg.com/three/-/three-0.155.0.tgz#cca9b8ad817830c8b4fdd8f0d9a12a2e413a2672"
  integrity sha512-sNgCYmDijnIqkD/bMfk+1pHg3YzsxW7V2ChpuP6HCQ8NiZr3RufsXQr8M3SSUMjW4hG+sUk7YbyuY0DncaDTJQ==
